// !$*UTF8*$!
{
	archiveVersion = 1;
	classes = {
	};
	objectVersion = 48;
	objects = {

/* Begin PBXBuildFile section */
		BBF0B889219AB411009E0CEA /* main.cpp in Sources */ = {isa = PBXBuildFile; fileRef = BBF0B888219AB411009E0CEA /* main.cpp */; };
/* End PBXBuildFile section */

/* Begin PBXCopyFilesBuildPhase section */
		BBF0B883219AB411009E0CEA /* CopyFiles */ = {
			isa = PBXCopyFilesBuildPhase;
			buildActionMask = 2147483647;
			dstPath = /usr/share/man/man1/;
			dstSubfolderSpec = 0;
			files = (
			);
			runOnlyForDeploymentPostprocessing = 1;
		};
/* End PBXCopyFilesBuildPhase section */

/* Begin PBXFileReference section */
		BBF0B885219AB411009E0CEA /* CS2C_Assignment6_OmerKatz */ = {isa = PBXFileReference; explicitFileType = "compiled.mach-o.executable"; includeInIndex = 0; path = CS2C_Assignment6_OmerKatz; sourceTree = BUILT_PRODUCTS_DIR; };
		BBF0B888219AB411009E0CEA /* main.cpp */ = {isa = PBXFileReference; lastKnownFileType = sourcecode.cpp.cpp; path = main.cpp; sourceTree = "<group>"; };
		BBF0B88F219AB441009E0CEA /* human_genes.txt */ = {isa = PBXFileReference; lastKnownFileType = text; path = human_genes.txt; sourceTree = "<group>"; };
		BBF0B890219AB4A8009E0CEA /* FHhashQP.h */ = {isa = PBXFileReference; lastKnownFileType = sourcecode.c.h; path = FHhashQP.h; sourceTree = "<group>"; };
		BBF0B891219AB582009E0CEA /* Gene.h */ = {isa = PBXFileReference; lastKnownFileType = sourcecode.c.h; path = Gene.h; sourceTree = "<group>"; };
		BBF0B892219AB738009E0CEA /* FHvector.h */ = {isa = PBXFileReference; lastKnownFileType = sourcecode.c.h; path = FHvector.h; sourceTree = "<group>"; };
/* End PBXFileReference section */

/* Begin PBXFrameworksBuildPhase section */
		BBF0B882219AB411009E0CEA /* Frameworks */ = {
			isa = PBXFrameworksBuildPhase;
			buildActionMask = 2147483647;
			files = (
			);
			runOnlyForDeploymentPostprocessing = 0;
		};
/* End PBXFrameworksBuildPhase section */

/* Begin PBXGroup section */
		BBF0B87C219AB410009E0CEA = {
			isa = PBXGroup;
			children = (
				BBF0B887219AB411009E0CEA /* CS2C_Assignment6_OmerKatz */,
				BBF0B886219AB411009E0CEA /* Products */,
			);
			sourceTree = "<group>";
		};
		BBF0B886219AB411009E0CEA /* Products */ = {
			isa = PBXGroup;
			children = (
				BBF0B885219AB411009E0CEA /* CS2C_Assignment6_OmerKatz */,
			);
			name = Products;
			sourceTree = "<group>";
		};
		BBF0B887219AB411009E0CEA /* CS2C_Assignment6_OmerKatz */ = {
			isa = PBXGroup;
			children = (
				BBF0B888219AB411009E0CEA /* main.cpp */,
				BBF0B88F219AB441009E0CEA /* human_genes.txt */,
				BBF0B891219AB582009E0CEA /* Gene.h */,
				BBF0B890219AB4A8009E0CEA /* FHhashQP.h */,
				BBF0B892219AB738009E0CEA /* FHvector.h */,
			);
			path = CS2C_Assignment6_OmerKatz;
			sourceTree = "<group>";
		};
/* End PBXGroup section */

/* Begin PBXNativeTarget section */
		BBF0B884219AB411009E0CEA /* CS2C_Assignment6_OmerKatz */ = {
			isa = PBXNativeTarget;
			buildConfigurationList = BBF0B88C219AB411009E0CEA /* Build configuration list for PBXNativeTarget "CS2C_Assignment6_OmerKatz" */;
			buildPhases = (
				BBF0B881219AB411009E0CEA /* Sources */,
				BBF0B882219AB411009E0CEA /* Frameworks */,
				BBF0B883219AB411009E0CEA /* CopyFiles */,
			);
			buildRules = (
			);
			dependencies = (
			);
			name = CS2C_Assignment6_OmerKatz;
			productName = CS2C_Assignment6_OmerKatz;
			productReference = BBF0B885219AB411009E0CEA /* CS2C_Assignment6_OmerKatz */;
			productType = "com.apple.product-type.tool";
		};
/* End PBXNativeTarget section */

/* Begin PBXProject section */
		BBF0B87D219AB410009E0CEA /* Project object */ = {
			isa = PBXProject;
			attributes = {
				LastUpgradeCheck = 0920;
				ORGANIZATIONNAME = "Omer Katz";
				TargetAttributes = {
					BBF0B884219AB411009E0CEA = {
						CreatedOnToolsVersion = 9.2;
						ProvisioningStyle = Automatic;
					};
				};
			};
			buildConfigurationList = BBF0B880219AB410009E0CEA /* Build configuration list for PBXProject "CS2C_Assignment6_OmerKatz" */;
			compatibilityVersion = "Xcode 8.0";
			developmentRegion = en;
			hasScannedForEncodings = 0;
			knownRegions = (
				en,
			);
			mainGroup = BBF0B87C219AB410009E0CEA;
			productRefGroup = BBF0B886219AB411009E0CEA /* Products */;
			projectDirPath = "";
			projectRoot = "";
			targets = (
				BBF0B884219AB411009E0CEA /* CS2C_Assignment6_OmerKatz */,
			);
		};
/* End PBXProject section */

/* Begin PBXSourcesBuildPhase section */
		BBF0B881219AB411009E0CEA /* Sources */ = {
			isa = PBXSourcesBuildPhase;
			buildActionMask = 2147483647;
			files = (
				BBF0B889219AB411009E0CEA /* main.cpp in Sources */,
			);
			runOnlyForDeploymentPostprocessing = 0;
		};
/* End PBXSourcesBuildPhase section */

/* Begin XCBuildConfiguration section */
		BBF0B88A219AB411009E0CEA /* Debug */ = {
			isa = XCBuildConfiguration;
			buildSettings = {
				ALWAYS_SEARCH_USER_PATHS = NO;
				CLANG_ANALYZER_NONNULL = YES;
				CLANG_ANALYZER_NUMBER_OBJECT_CONVERSION = YES_AGGRESSIVE;
				CLANG_CXX_LANGUAGE_STANDARD = "gnu++14";
				CLANG_CXX_LIBRARY = "libc++";
				CLANG_ENABLE_MODULES = YES;
				CLANG_ENABLE_OBJC_ARC = YES;
				CLANG_WARN_BLOCK_CAPTURE_AUTORELEASING = YES;
				CLANG_WARN_BOOL_CONVERSION = YES;
				CLANG_WARN_COMMA = YES;
				CLANG_WARN_CONSTANT_CONVERSION = YES;
				CLANG_WARN_DIRECT_OBJC_ISA_USAGE = YES_ERROR;
				CLANG_WARN_DOCUMENTATION_COMMENTS = YES;
				CLANG_WARN_EMPTY_BODY = YES;
				CLANG_WARN_ENUM_CONVERSION = YES;
				CLANG_WARN_INFINITE_RECURSION = YES;
				CLANG_WARN_INT_CONVERSION = YES;
				CLANG_WARN_NON_LITERAL_NULL_CONVERSION = YES;
				CLANG_WARN_OBJC_LITERAL_CONVERSION = YES;
				CLANG_WARN_OBJC_ROOT_CLASS = YES_ERROR;
				CLANG_WARN_RANGE_LOOP_ANALYSIS = YES;
				CLANG_WARN_STRICT_PROTOTYPES = YES;
				CLANG_WARN_SUSPICIOUS_MOVE = YES;
				CLANG_WARN_UNGUARDED_AVAILABILITY = YES_AGGRESSIVE;
				CLANG_WARN_UNREACHABLE_CODE = YES;
				CLANG_WARN__DUPLICATE_METHOD_MATCH = YES;
				CODE_SIGN_IDENTITY = "-";
				COPY_PHASE_STRIP = NO;
				DEBUG_INFORMATION_FORMAT = dwarf;
				ENABLE_STRICT_OBJC_MSGSEND = YES;
				ENABLE_TESTABILITY = YES;
				GCC_C_LANGUAGE_STANDARD = gnu11;
				GCC_DYNAMIC_NO_PIC = NO;
				GCC_NO_COMMON_BLOCKS = YES;
				GCC_OPTIMIZATION_LEVEL = 0;
				GCC_PREPROCESSOR_DEFINITIONS = (
					"DEBUG=1",
					"$(inherited)",
				);
				GCC_WARN_64_TO_32_BIT_CONVERSION = YES;
				GCC_WARN_ABOUT_RETURN_TYPE = YES_ERROR;
				GCC_WARN_UNDECLARED_SELECTOR = YES;
				GCC_WARN_UNINITIALIZED_AUTOS = YES_AGGRESSIVE;
				GCC_WARN_UNUSED_FUNCTION = YES;
				GCC_WARN_UNUSED_VARIABLE = YES;
				MACOSX_DEPLOYMENT_TARGET = 10.12;
				MTL_ENABLE_DEBUG_INFO = YES;
				ONLY_ACTIVE_ARCH = YES;
				SDKROOT = macosx;
			};
			name = Debug;
		};
		BBF0B88B219AB411009E0CEA /* Release */ = {
			isa = XCBuildConfiguration;
			buildSettings = {
				ALWAYS_SEARCH_USER_PATHS = NO;
				CLANG_ANALYZER_NONNULL = YES;
				CLANG_ANALYZER_NUMBER_OBJECT_CONVERSION = YES_AGGRESSIVE;
				CLANG_CXX_LANGUAGE_STANDARD = "gnu++14";
				CLANG_CXX_LIBRARY = "libc++";
				CLANG_ENABLE_MODULES = YES;
				CLANG_ENABLE_OBJC_ARC = YES;
				CLANG_WARN_BLOCK_CAPTURE_AUTORELEASING = YES;
				CLANG_WARN_BOOL_CONVERSION = YES;
				CLANG_WARN_COMMA = YES;
				CLANG_WARN_CONSTANT_CONVERSION = YES;
				CLANG_WARN_DIRECT_OBJC_ISA_USAGE = YES_ERROR;
				CLANG_WARN_DOCUMENTATION_COMMENTS = YES;
				CLANG_WARN_EMPTY_BODY = YES;
				CLANG_WARN_ENUM_CONVERSION = YES;
				CLANG_WARN_INFINITE_RECURSION = YES;
				CLANG_WARN_INT_CONVERSION = YES;
				CLANG_WARN_NON_LITERAL_NULL_CONVERSION = YES;
				CLANG_WARN_OBJC_LITERAL_CONVERSION = YES;
				CLANG_WARN_OBJC_ROOT_CLASS = YES_ERROR;
				CLANG_WARN_RANGE_LOOP_ANALYSIS = YES;
				CLANG_WARN_STRICT_PROTOTYPES = YES;
				CLANG_WARN_SUSPICIOUS_MOVE = YES;
				CLANG_WARN_UNGUARDED_AVAILABILITY = YES_AGGRESSIVE;
				CLANG_WARN_UNREACHABLE_CODE = YES;
				CLANG_WARN__DUPLICATE_METHOD_MATCH = YES;
				CODE_SIGN_IDENTITY = "-";
				COPY_PHASE_STRIP = NO;
				DEBUG_INFORMATION_FORMAT = "dwarf-with-dsym";
				ENABLE_NS_ASSERTIONS = NO;
				ENABLE_STRICT_OBJC_MSGSEND = YES;
				GCC_C_LANGUAGE_STANDARD = gnu11;
				GCC_NO_COMMON_BLOCKS = YES;
				GCC_WARN_64_TO_32_BIT_CONVERSION = YES;
				GCC_WARN_ABOUT_RETURN_TYPE = YES_ERROR;
				GCC_WARN_UNDECLARED_SELECTOR = YES;
				GCC_WARN_UNINITIALIZED_AUTOS = YES_AGGRESSIVE;
				GCC_WARN_UNUSED_FUNCTION = YES;
				GCC_WARN_UNUSED_VARIABLE = YES;
				MACOSX_DEPLOYMENT_TARGET = 10.12;
				MTL_ENABLE_DEBUG_INFO = NO;
				SDKROOT = macosx;
			};
			name = Release;
		};
		BBF0B88D219AB411009E0CEA /* Debug */ = {
			isa = XCBuildConfiguration;
			buildSettings = {
				CODE_SIGN_STYLE = Automatic;
				PRODUCT_NAME = "$(TARGET_NAME)";
			};
			name = Debug;
		};
		BBF0B88E219AB411009E0CEA /* Release */ = {
			isa = XCBuildConfiguration;
			buildSettings = {
				CODE_SIGN_STYLE = Automatic;
				PRODUCT_NAME = "$(TARGET_NAME)";
			};
			name = Release;
		};
/* End XCBuildConfiguration section */

/* Begin XCConfigurationList section */
		BBF0B880219AB410009E0CEA /* Build configuration list for PBXProject "CS2C_Assignment6_OmerKatz" */ = {
			isa = XCConfigurationList;
			buildConfigurations = (
				BBF0B88A219AB411009E0CEA /* Debug */,
				BBF0B88B219AB411009E0CEA /* Release */,
			);
			defaultConfigurationIsVisible = 0;
			defaultConfigurationName = Release;
		};
		BBF0B88C219AB411009E0CEA /* Build configuration list for PBXNativeTarget "CS2C_Assignment6_OmerKatz" */ = {
			isa = XCConfigurationList;
			buildConfigurations = (
				BBF0B88D219AB411009E0CEA /* Debug */,
				BBF0B88E219AB411009E0CEA /* Release */,
			);
			defaultConfigurationIsVisible = 0;
			defaultConfigurationName = Release;
		};
/* End XCConfigurationList section */
	};
	rootObject = BBF0B87D219AB410009E0CEA /* Project object */;
}
