// !$*UTF8*$!
{
	archiveVersion = 1;
	classes = {
	};
	objectVersion = 48;
	objects = {

/* Begin PBXBuildFile section */
		BBF415D921B9A6D9000EEEFC /* main.cpp in Sources */ = {isa = PBXBuildFile; fileRef = BBF415D821B9A6D9000EEEFC /* main.cpp */; };
/* End PBXBuildFile section */

/* Begin PBXCopyFilesBuildPhase section */
		BBF415D321B9A6D9000EEEFC /* CopyFiles */ = {
			isa = PBXCopyFilesBuildPhase;
			buildActionMask = 2147483647;
			dstPath = /usr/share/man/man1/;
			dstSubfolderSpec = 0;
			files = (
			);
			runOnlyForDeploymentPostprocessing = 1;
		};
/* End PBXCopyFilesBuildPhase section */

/* Begin PBXFileReference section */
		BBF415D521B9A6D9000EEEFC /* CS2C_Assignment9_OmerKatz */ = {isa = PBXFileReference; explicitFileType = "compiled.mach-o.executable"; includeInIndex = 0; path = CS2C_Assignment9_OmerKatz; sourceTree = BUILT_PRODUCTS_DIR; };
		BBF415D821B9A6D9000EEEFC /* main.cpp */ = {isa = PBXFileReference; lastKnownFileType = sourcecode.cpp.cpp; path = main.cpp; sourceTree = "<group>"; };
		BBF415DF21B9A72C000EEEFC /* FHlist.h */ = {isa = PBXFileReference; lastKnownFileType = sourcecode.c.h; path = FHlist.h; sourceTree = "<group>"; };
		BBF415E021B9A734000EEEFC /* FHvector.h */ = {isa = PBXFileReference; lastKnownFileType = sourcecode.c.h; path = FHvector.h; sourceTree = "<group>"; };
		BBF415E121B9A87A000EEEFC /* FHlistSorted.h */ = {isa = PBXFileReference; lastKnownFileType = sourcecode.c.h; path = FHlistSorted.h; sourceTree = "<group>"; };
		BBF415E221B9A883000EEEFC /* Graph.h */ = {isa = PBXFileReference; lastKnownFileType = sourcecode.c.h; path = Graph.h; sourceTree = "<group>"; };
		BBF415E421B9AA96000EEEFC /* GraphWPrim.h */ = {isa = PBXFileReference; lastKnownFileType = sourcecode.c.h; path = GraphWPrim.h; sourceTree = "<group>"; };
/* End PBXFileReference section */

/* Begin PBXFrameworksBuildPhase section */
		BBF415D221B9A6D9000EEEFC /* Frameworks */ = {
			isa = PBXFrameworksBuildPhase;
			buildActionMask = 2147483647;
			files = (
			);
			runOnlyForDeploymentPostprocessing = 0;
		};
/* End PBXFrameworksBuildPhase section */

/* Begin PBXGroup section */
		BBF415CC21B9A6D8000EEEFC = {
			isa = PBXGroup;
			children = (
				BBF415D721B9A6D9000EEEFC /* CS2C_Assignment9_OmerKatz */,
				BBF415D621B9A6D9000EEEFC /* Products */,
			);
			sourceTree = "<group>";
		};
		BBF415D621B9A6D9000EEEFC /* Products */ = {
			isa = PBXGroup;
			children = (
				BBF415D521B9A6D9000EEEFC /* CS2C_Assignment9_OmerKatz */,
			);
			name = Products;
			sourceTree = "<group>";
		};
		BBF415D721B9A6D9000EEEFC /* CS2C_Assignment9_OmerKatz */ = {
			isa = PBXGroup;
			children = (
				BBF415D821B9A6D9000EEEFC /* main.cpp */,
				BBF415E421B9AA96000EEEFC /* GraphWPrim.h */,
				BBF415DF21B9A72C000EEEFC /* FHlist.h */,
				BBF415E021B9A734000EEEFC /* FHvector.h */,
				BBF415E121B9A87A000EEEFC /* FHlistSorted.h */,
				BBF415E221B9A883000EEEFC /* Graph.h */,
			);
			path = CS2C_Assignment9_OmerKatz;
			sourceTree = "<group>";
		};
/* End PBXGroup section */

/* Begin PBXNativeTarget section */
		BBF415D421B9A6D9000EEEFC /* CS2C_Assignment9_OmerKatz */ = {
			isa = PBXNativeTarget;
			buildConfigurationList = BBF415DC21B9A6D9000EEEFC /* Build configuration list for PBXNativeTarget "CS2C_Assignment9_OmerKatz" */;
			buildPhases = (
				BBF415D121B9A6D9000EEEFC /* Sources */,
				BBF415D221B9A6D9000EEEFC /* Frameworks */,
				BBF415D321B9A6D9000EEEFC /* CopyFiles */,
			);
			buildRules = (
			);
			dependencies = (
			);
			name = CS2C_Assignment9_OmerKatz;
			productName = CS2C_Assignment9_OmerKatz;
			productReference = BBF415D521B9A6D9000EEEFC /* CS2C_Assignment9_OmerKatz */;
			productType = "com.apple.product-type.tool";
		};
/* End PBXNativeTarget section */

/* Begin PBXProject section */
		BBF415CD21B9A6D8000EEEFC /* Project object */ = {
			isa = PBXProject;
			attributes = {
				LastUpgradeCheck = 0920;
				ORGANIZATIONNAME = "Omer Katz";
				TargetAttributes = {
					BBF415D421B9A6D9000EEEFC = {
						CreatedOnToolsVersion = 9.2;
						ProvisioningStyle = Automatic;
					};
				};
			};
			buildConfigurationList = BBF415D021B9A6D8000EEEFC /* Build configuration list for PBXProject "CS2C_Assignment9_OmerKatz" */;
			compatibilityVersion = "Xcode 8.0";
			developmentRegion = en;
			hasScannedForEncodings = 0;
			knownRegions = (
				en,
			);
			mainGroup = BBF415CC21B9A6D8000EEEFC;
			productRefGroup = BBF415D621B9A6D9000EEEFC /* Products */;
			projectDirPath = "";
			projectRoot = "";
			targets = (
				BBF415D421B9A6D9000EEEFC /* CS2C_Assignment9_OmerKatz */,
			);
		};
/* End PBXProject section */

/* Begin PBXSourcesBuildPhase section */
		BBF415D121B9A6D9000EEEFC /* Sources */ = {
			isa = PBXSourcesBuildPhase;
			buildActionMask = 2147483647;
			files = (
				BBF415D921B9A6D9000EEEFC /* main.cpp in Sources */,
			);
			runOnlyForDeploymentPostprocessing = 0;
		};
/* End PBXSourcesBuildPhase section */

/* Begin XCBuildConfiguration section */
		BBF415DA21B9A6D9000EEEFC /* Debug */ = {
			isa = XCBuildConfiguration;
			buildSettings = {
				ALWAYS_SEARCH_USER_PATHS = NO;
				CLANG_ANALYZER_NONNULL = YES;
				CLANG_ANALYZER_NUMBER_OBJECT_CONVERSION = YES_AGGRESSIVE;
				CLANG_CXX_LANGUAGE_STANDARD = "gnu++14";
				CLANG_CXX_LIBRARY = "libc++";
				CLANG_ENABLE_MODULES = YES;
				CLANG_ENABLE_OBJC_ARC = YES;
				CLANG_WARN_BLOCK_CAPTURE_AUTORELEASING = YES;
				CLANG_WARN_BOOL_CONVERSION = YES;
				CLANG_WARN_COMMA = YES;
				CLANG_WARN_CONSTANT_CONVERSION = YES;
				CLANG_WARN_DIRECT_OBJC_ISA_USAGE = YES_ERROR;
				CLANG_WARN_DOCUMENTATION_COMMENTS = YES;
				CLANG_WARN_EMPTY_BODY = YES;
				CLANG_WARN_ENUM_CONVERSION = YES;
				CLANG_WARN_INFINITE_RECURSION = YES;
				CLANG_WARN_INT_CONVERSION = YES;
				CLANG_WARN_NON_LITERAL_NULL_CONVERSION = YES;
				CLANG_WARN_OBJC_LITERAL_CONVERSION = YES;
				CLANG_WARN_OBJC_ROOT_CLASS = YES_ERROR;
				CLANG_WARN_RANGE_LOOP_ANALYSIS = YES;
				CLANG_WARN_STRICT_PROTOTYPES = YES;
				CLANG_WARN_SUSPICIOUS_MOVE = YES;
				CLANG_WARN_UNGUARDED_AVAILABILITY = YES_AGGRESSIVE;
				CLANG_WARN_UNREACHABLE_CODE = YES;
				CLANG_WARN__DUPLICATE_METHOD_MATCH = YES;
				CODE_SIGN_IDENTITY = "-";
				COPY_PHASE_STRIP = NO;
				DEBUG_INFORMATION_FORMAT = dwarf;
				ENABLE_STRICT_OBJC_MSGSEND = YES;
				ENABLE_TESTABILITY = YES;
				GCC_C_LANGUAGE_STANDARD = gnu11;
				GCC_DYNAMIC_NO_PIC = NO;
				GCC_NO_COMMON_BLOCKS = YES;
				GCC_OPTIMIZATION_LEVEL = 0;
				GCC_PREPROCESSOR_DEFINITIONS = (
					"DEBUG=1",
					"$(inherited)",
				);
				GCC_WARN_64_TO_32_BIT_CONVERSION = YES;
				GCC_WARN_ABOUT_RETURN_TYPE = YES_ERROR;
				GCC_WARN_UNDECLARED_SELECTOR = YES;
				GCC_WARN_UNINITIALIZED_AUTOS = YES_AGGRESSIVE;
				GCC_WARN_UNUSED_FUNCTION = YES;
				GCC_WARN_UNUSED_VARIABLE = YES;
				MACOSX_DEPLOYMENT_TARGET = 10.12;
				MTL_ENABLE_DEBUG_INFO = YES;
				ONLY_ACTIVE_ARCH = YES;
				SDKROOT = macosx;
			};
			name = Debug;
		};
		BBF415DB21B9A6D9000EEEFC /* Release */ = {
			isa = XCBuildConfiguration;
			buildSettings = {
				ALWAYS_SEARCH_USER_PATHS = NO;
				CLANG_ANALYZER_NONNULL = YES;
				CLANG_ANALYZER_NUMBER_OBJECT_CONVERSION = YES_AGGRESSIVE;
				CLANG_CXX_LANGUAGE_STANDARD = "gnu++14";
				CLANG_CXX_LIBRARY = "libc++";
				CLANG_ENABLE_MODULES = YES;
				CLANG_ENABLE_OBJC_ARC = YES;
				CLANG_WARN_BLOCK_CAPTURE_AUTORELEASING = YES;
				CLANG_WARN_BOOL_CONVERSION = YES;
				CLANG_WARN_COMMA = YES;
				CLANG_WARN_CONSTANT_CONVERSION = YES;
				CLANG_WARN_DIRECT_OBJC_ISA_USAGE = YES_ERROR;
				CLANG_WARN_DOCUMENTATION_COMMENTS = YES;
				CLANG_WARN_EMPTY_BODY = YES;
				CLANG_WARN_ENUM_CONVERSION = YES;
				CLANG_WARN_INFINITE_RECURSION = YES;
				CLANG_WARN_INT_CONVERSION = YES;
				CLANG_WARN_NON_LITERAL_NULL_CONVERSION = YES;
				CLANG_WARN_OBJC_LITERAL_CONVERSION = YES;
				CLANG_WARN_OBJC_ROOT_CLASS = YES_ERROR;
				CLANG_WARN_RANGE_LOOP_ANALYSIS = YES;
				CLANG_WARN_STRICT_PROTOTYPES = YES;
				CLANG_WARN_SUSPICIOUS_MOVE = YES;
				CLANG_WARN_UNGUARDED_AVAILABILITY = YES_AGGRESSIVE;
				CLANG_WARN_UNREACHABLE_CODE = YES;
				CLANG_WARN__DUPLICATE_METHOD_MATCH = YES;
				CODE_SIGN_IDENTITY = "-";
				COPY_PHASE_STRIP = NO;
				DEBUG_INFORMATION_FORMAT = "dwarf-with-dsym";
				ENABLE_NS_ASSERTIONS = NO;
				ENABLE_STRICT_OBJC_MSGSEND = YES;
				GCC_C_LANGUAGE_STANDARD = gnu11;
				GCC_NO_COMMON_BLOCKS = YES;
				GCC_WARN_64_TO_32_BIT_CONVERSION = YES;
				GCC_WARN_ABOUT_RETURN_TYPE = YES_ERROR;
				GCC_WARN_UNDECLARED_SELECTOR = YES;
				GCC_WARN_UNINITIALIZED_AUTOS = YES_AGGRESSIVE;
				GCC_WARN_UNUSED_FUNCTION = YES;
				GCC_WARN_UNUSED_VARIABLE = YES;
				MACOSX_DEPLOYMENT_TARGET = 10.12;
				MTL_ENABLE_DEBUG_INFO = NO;
				SDKROOT = macosx;
			};
			name = Release;
		};
		BBF415DD21B9A6D9000EEEFC /* Debug */ = {
			isa = XCBuildConfiguration;
			buildSettings = {
				CODE_SIGN_STYLE = Automatic;
				PRODUCT_NAME = "$(TARGET_NAME)";
			};
			name = Debug;
		};
		BBF415DE21B9A6D9000EEEFC /* Release */ = {
			isa = XCBuildConfiguration;
			buildSettings = {
				CODE_SIGN_STYLE = Automatic;
				PRODUCT_NAME = "$(TARGET_NAME)";
			};
			name = Release;
		};
/* End XCBuildConfiguration section */

/* Begin XCConfigurationList section */
		BBF415D021B9A6D8000EEEFC /* Build configuration list for PBXProject "CS2C_Assignment9_OmerKatz" */ = {
			isa = XCConfigurationList;
			buildConfigurations = (
				BBF415DA21B9A6D9000EEEFC /* Debug */,
				BBF415DB21B9A6D9000EEEFC /* Release */,
			);
			defaultConfigurationIsVisible = 0;
			defaultConfigurationName = Release;
		};
		BBF415DC21B9A6D9000EEEFC /* Build configuration list for PBXNativeTarget "CS2C_Assignment9_OmerKatz" */ = {
			isa = XCConfigurationList;
			buildConfigurations = (
				BBF415DD21B9A6D9000EEEFC /* Debug */,
				BBF415DE21B9A6D9000EEEFC /* Release */,
			);
			defaultConfigurationIsVisible = 0;
			defaultConfigurationName = Release;
		};
/* End XCConfigurationList section */
	};
	rootObject = BBF415CD21B9A6D8000EEEFC /* Project object */;
}
